// !$*UTF8*$!
{
	archiveVersion = 1;
	classes = {
	};
	objectVersion = 46;
	objects = {

/* Begin PBXBuildFile section */
		841DF43B1DC104DE007CADB2 /* StudentViewController.swift in Sources */ = {isa = PBXBuildFile; fileRef = 841DF43A1DC104DE007CADB2 /* StudentViewController.swift */; };
		841DF4411DC11776007CADB2 /* CreateClassViewController.swift in Sources */ = {isa = PBXBuildFile; fileRef = 841DF4401DC11776007CADB2 /* CreateClassViewController.swift */; };
		841DF4431DC1200D007CADB2 /* CreateStudentViewController.swift in Sources */ = {isa = PBXBuildFile; fileRef = 841DF4421DC1200D007CADB2 /* CreateStudentViewController.swift */; };
		843A98A21DC05ADA00AD2FF6 /* AppDelegate.swift in Sources */ = {isa = PBXBuildFile; fileRef = 843A98A11DC05ADA00AD2FF6 /* AppDelegate.swift */; };
		843A98A41DC05ADA00AD2FF6 /* ViewController.swift in Sources */ = {isa = PBXBuildFile; fileRef = 843A98A31DC05ADA00AD2FF6 /* ViewController.swift */; };
		843A98A71DC05ADA00AD2FF6 /* Main.storyboard in Resources */ = {isa = PBXBuildFile; fileRef = 843A98A51DC05ADA00AD2FF6 /* Main.storyboard */; };
		843A98AA1DC05ADA00AD2FF6 /* quan_ly.xcdatamodeld in Sources */ = {isa = PBXBuildFile; fileRef = 843A98A81DC05ADA00AD2FF6 /* quan_ly.xcdatamodeld */; };
		843A98AC1DC05ADA00AD2FF6 /* Assets.xcassets in Resources */ = {isa = PBXBuildFile; fileRef = 843A98AB1DC05ADA00AD2FF6 /* Assets.xcassets */; };
		843A98AF1DC05ADA00AD2FF6 /* LaunchScreen.storyboard in Resources */ = {isa = PBXBuildFile; fileRef = 843A98AD1DC05ADA00AD2FF6 /* LaunchScreen.storyboard */; };
		843A98BA1DC05CD800AD2FF6 /* StudentsEntity+CoreDataClass.swift in Sources */ = {isa = PBXBuildFile; fileRef = 843A98B61DC05CD800AD2FF6 /* StudentsEntity+CoreDataClass.swift */; };
		843A98BB1DC05CD800AD2FF6 /* StudentsEntity+CoreDataProperties.swift in Sources */ = {isa = PBXBuildFile; fileRef = 843A98B71DC05CD800AD2FF6 /* StudentsEntity+CoreDataProperties.swift */; };
		843A98BC1DC05CD800AD2FF6 /* ClassesEntity+CoreDataClass.swift in Sources */ = {isa = PBXBuildFile; fileRef = 843A98B81DC05CD800AD2FF6 /* ClassesEntity+CoreDataClass.swift */; };
		843A98BD1DC05CD800AD2FF6 /* ClassesEntity+CoreDataProperties.swift in Sources */ = {isa = PBXBuildFile; fileRef = 843A98B91DC05CD800AD2FF6 /* ClassesEntity+CoreDataProperties.swift */; };
		843A98C11DC05DF500AD2FF6 /* StudentDataManager.swift in Sources */ = {isa = PBXBuildFile; fileRef = 843A98C01DC05DF500AD2FF6 /* StudentDataManager.swift */; };
		843A98C31DC05E0200AD2FF6 /* ClassDataManager.swift in Sources */ = {isa = PBXBuildFile; fileRef = 843A98C21DC05E0200AD2FF6 /* ClassDataManager.swift */; };
		843A98C51DC05EDC00AD2FF6 /* DatabaseController.swift in Sources */ = {isa = PBXBuildFile; fileRef = 843A98C41DC05EDC00AD2FF6 /* DatabaseController.swift */; };
/* End PBXBuildFile section */

/* Begin PBXFileReference section */
		841DF43A1DC104DE007CADB2 /* StudentViewController.swift */ = {isa = PBXFileReference; fileEncoding = 4; lastKnownFileType = sourcecode.swift; path = StudentViewController.swift; sourceTree = "<group>"; };
		841DF4401DC11776007CADB2 /* CreateClassViewController.swift */ = {isa = PBXFileReference; fileEncoding = 4; lastKnownFileType = sourcecode.swift; path = CreateClassViewController.swift; sourceTree = "<group>"; };
		841DF4421DC1200D007CADB2 /* CreateStudentViewController.swift */ = {isa = PBXFileReference; fileEncoding = 4; lastKnownFileType = sourcecode.swift; path = CreateStudentViewController.swift; sourceTree = "<group>"; };
		843A989E1DC05ADA00AD2FF6 /* quan ly.app */ = {isa = PBXFileReference; explicitFileType = wrapper.application; includeInIndex = 0; path = "quan ly.app"; sourceTree = BUILT_PRODUCTS_DIR; };
		843A98A11DC05ADA00AD2FF6 /* AppDelegate.swift */ = {isa = PBXFileReference; lastKnownFileType = sourcecode.swift; path = AppDelegate.swift; sourceTree = "<group>"; };
		843A98A31DC05ADA00AD2FF6 /* ViewController.swift */ = {isa = PBXFileReference; lastKnownFileType = sourcecode.swift; path = ViewController.swift; sourceTree = "<group>"; };
		843A98A61DC05ADA00AD2FF6 /* Base */ = {isa = PBXFileReference; lastKnownFileType = file.storyboard; name = Base; path = Base.lproj/Main.storyboard; sourceTree = "<group>"; };
		843A98A91DC05ADA00AD2FF6 /* quan_ly.xcdatamodel */ = {isa = PBXFileReference; lastKnownFileType = wrapper.xcdatamodel; path = quan_ly.xcdatamodel; sourceTree = "<group>"; };
		843A98AB1DC05ADA00AD2FF6 /* Assets.xcassets */ = {isa = PBXFileReference; lastKnownFileType = folder.assetcatalog; path = Assets.xcassets; sourceTree = "<group>"; };
		843A98AE1DC05ADA00AD2FF6 /* Base */ = {isa = PBXFileReference; lastKnownFileType = file.storyboard; name = Base; path = Base.lproj/LaunchScreen.storyboard; sourceTree = "<group>"; };
		843A98B01DC05ADA00AD2FF6 /* Info.plist */ = {isa = PBXFileReference; lastKnownFileType = text.plist.xml; path = Info.plist; sourceTree = "<group>"; };
		843A98B61DC05CD800AD2FF6 /* StudentsEntity+CoreDataClass.swift */ = {isa = PBXFileReference; fileEncoding = 4; lastKnownFileType = sourcecode.swift; path = "StudentsEntity+CoreDataClass.swift"; sourceTree = "<group>"; };
		843A98B71DC05CD800AD2FF6 /* StudentsEntity+CoreDataProperties.swift */ = {isa = PBXFileReference; fileEncoding = 4; lastKnownFileType = sourcecode.swift; path = "StudentsEntity+CoreDataProperties.swift"; sourceTree = "<group>"; };
		843A98B81DC05CD800AD2FF6 /* ClassesEntity+CoreDataClass.swift */ = {isa = PBXFileReference; fileEncoding = 4; lastKnownFileType = sourcecode.swift; path = "ClassesEntity+CoreDataClass.swift"; sourceTree = "<group>"; };
		843A98B91DC05CD800AD2FF6 /* ClassesEntity+CoreDataProperties.swift */ = {isa = PBXFileReference; fileEncoding = 4; lastKnownFileType = sourcecode.swift; path = "ClassesEntity+CoreDataProperties.swift"; sourceTree = "<group>"; };
		843A98C01DC05DF500AD2FF6 /* StudentDataManager.swift */ = {isa = PBXFileReference; fileEncoding = 4; lastKnownFileType = sourcecode.swift; path = StudentDataManager.swift; sourceTree = "<group>"; };
		843A98C21DC05E0200AD2FF6 /* ClassDataManager.swift */ = {isa = PBXFileReference; fileEncoding = 4; lastKnownFileType = sourcecode.swift; path = ClassDataManager.swift; sourceTree = "<group>"; };
		843A98C41DC05EDC00AD2FF6 /* DatabaseController.swift */ = {isa = PBXFileReference; fileEncoding = 4; lastKnownFileType = sourcecode.swift; path = DatabaseController.swift; sourceTree = "<group>"; };
/* End PBXFileReference section */

/* Begin PBXFrameworksBuildPhase section */
		843A989B1DC05ADA00AD2FF6 /* Frameworks */ = {
			isa = PBXFrameworksBuildPhase;
			buildActionMask = 2147483647;
			files = (
			);
			runOnlyForDeploymentPostprocessing = 0;
		};
/* End PBXFrameworksBuildPhase section */

/* Begin PBXGroup section */
		843A98951DC05ADA00AD2FF6 = {
			isa = PBXGroup;
			children = (
				843A98A01DC05ADA00AD2FF6 /* quan ly */,
				843A989F1DC05ADA00AD2FF6 /* Products */,
			);
			sourceTree = "<group>";
		};
		843A989F1DC05ADA00AD2FF6 /* Products */ = {
			isa = PBXGroup;
			children = (
				843A989E1DC05ADA00AD2FF6 /* quan ly.app */,
			);
			name = Products;
			sourceTree = "<group>";
		};
		843A98A01DC05ADA00AD2FF6 /* quan ly */ = {
			isa = PBXGroup;
			children = (
				843A98BF1DC05DBE00AD2FF6 /* DatabaseManager */,
				843A98BE1DC05CE400AD2FF6 /* Database */,
				843A98A11DC05ADA00AD2FF6 /* AppDelegate.swift */,
				843A98C41DC05EDC00AD2FF6 /* DatabaseController.swift */,
				843A98A31DC05ADA00AD2FF6 /* ViewController.swift */,
				841DF43A1DC104DE007CADB2 /* StudentViewController.swift */,
				841DF4401DC11776007CADB2 /* CreateClassViewController.swift */,
				841DF4421DC1200D007CADB2 /* CreateStudentViewController.swift */,
				843A98A51DC05ADA00AD2FF6 /* Main.storyboard */,
				843A98AB1DC05ADA00AD2FF6 /* Assets.xcassets */,
				843A98AD1DC05ADA00AD2FF6 /* LaunchScreen.storyboard */,
				843A98B01DC05ADA00AD2FF6 /* Info.plist */,
				843A98A81DC05ADA00AD2FF6 /* quan_ly.xcdatamodeld */,
			);
			path = "quan ly";
			sourceTree = "<group>";
		};
		843A98BE1DC05CE400AD2FF6 /* Database */ = {
			isa = PBXGroup;
			children = (
				843A98B61DC05CD800AD2FF6 /* StudentsEntity+CoreDataClass.swift */,
				843A98B71DC05CD800AD2FF6 /* StudentsEntity+CoreDataProperties.swift */,
				843A98B81DC05CD800AD2FF6 /* ClassesEntity+CoreDataClass.swift */,
				843A98B91DC05CD800AD2FF6 /* ClassesEntity+CoreDataProperties.swift */,
			);
			name = Database;
			sourceTree = "<group>";
		};
		843A98BF1DC05DBE00AD2FF6 /* DatabaseManager */ = {
			isa = PBXGroup;
			children = (
				843A98C21DC05E0200AD2FF6 /* ClassDataManager.swift */,
				843A98C01DC05DF500AD2FF6 /* StudentDataManager.swift */,
			);
			name = DatabaseManager;
			sourceTree = "<group>";
		};
/* End PBXGroup section */

/* Begin PBXNativeTarget section */
		843A989D1DC05ADA00AD2FF6 /* quan ly */ = {
			isa = PBXNativeTarget;
			buildConfigurationList = 843A98B31DC05ADA00AD2FF6 /* Build configuration list for PBXNativeTarget "quan ly" */;
			buildPhases = (
				843A989A1DC05ADA00AD2FF6 /* Sources */,
				843A989B1DC05ADA00AD2FF6 /* Frameworks */,
				843A989C1DC05ADA00AD2FF6 /* Resources */,
			);
			buildRules = (
			);
			dependencies = (
			);
			name = "quan ly";
			productName = "quan ly";
			productReference = 843A989E1DC05ADA00AD2FF6 /* quan ly.app */;
			productType = "com.apple.product-type.application";
		};
/* End PBXNativeTarget section */

/* Begin PBXProject section */
		843A98961DC05ADA00AD2FF6 /* Project object */ = {
			isa = PBXProject;
			attributes = {
				LastSwiftUpdateCheck = 0800;
				LastUpgradeCheck = 0800;
				ORGANIZATIONNAME = Admin;
				TargetAttributes = {
					843A989D1DC05ADA00AD2FF6 = {
						CreatedOnToolsVersion = 8.0;
						DevelopmentTeam = XFWQD4U797;
						ProvisioningStyle = Automatic;
					};
				};
			};
			buildConfigurationList = 843A98991DC05ADA00AD2FF6 /* Build configuration list for PBXProject "quan ly" */;
			compatibilityVersion = "Xcode 3.2";
			developmentRegion = English;
			hasScannedForEncodings = 0;
			knownRegions = (
				en,
				Base,
			);
			mainGroup = 843A98951DC05ADA00AD2FF6;
			productRefGroup = 843A989F1DC05ADA00AD2FF6 /* Products */;
			projectDirPath = "";
			projectRoot = "";
			targets = (
				843A989D1DC05ADA00AD2FF6 /* quan ly */,
			);
		};
/* End PBXProject section */

/* Begin PBXResourcesBuildPhase section */
		843A989C1DC05ADA00AD2FF6 /* Resources */ = {
			isa = PBXResourcesBuildPhase;
			buildActionMask = 2147483647;
			files = (
				843A98AF1DC05ADA00AD2FF6 /* LaunchScreen.storyboard in Resources */,
				843A98AC1DC05ADA00AD2FF6 /* Assets.xcassets in Resources */,
				843A98A71DC05ADA00AD2FF6 /* Main.storyboard in Resources */,
			);
			runOnlyForDeploymentPostprocessing = 0;
		};
/* End PBXResourcesBuildPhase section */

/* Begin PBXSourcesBuildPhase section */
		843A989A1DC05ADA00AD2FF6 /* Sources */ = {
			isa = PBXSourcesBuildPhase;
			buildActionMask = 2147483647;
			files = (
				843A98C51DC05EDC00AD2FF6 /* DatabaseController.swift in Sources */,
				843A98BA1DC05CD800AD2FF6 /* StudentsEntity+CoreDataClass.swift in Sources */,
				843A98A41DC05ADA00AD2FF6 /* ViewController.swift in Sources */,
				843A98AA1DC05ADA00AD2FF6 /* quan_ly.xcdatamodeld in Sources */,
				843A98BD1DC05CD800AD2FF6 /* ClassesEntity+CoreDataProperties.swift in Sources */,
				841DF4431DC1200D007CADB2 /* CreateStudentViewController.swift in Sources */,
				843A98BC1DC05CD800AD2FF6 /* ClassesEntity+CoreDataClass.swift in Sources */,
				843A98A21DC05ADA00AD2FF6 /* AppDelegate.swift in Sources */,
				843A98C31DC05E0200AD2FF6 /* ClassDataManager.swift in Sources */,
				843A98BB1DC05CD800AD2FF6 /* StudentsEntity+CoreDataProperties.swift in Sources */,
				843A98C11DC05DF500AD2FF6 /* StudentDataManager.swift in Sources */,
				841DF43B1DC104DE007CADB2 /* StudentViewController.swift in Sources */,
				841DF4411DC11776007CADB2 /* CreateClassViewController.swift in Sources */,
			);
			runOnlyForDeploymentPostprocessing = 0;
		};
/* End PBXSourcesBuildPhase section */

/* Begin PBXVariantGroup section */
		843A98A51DC05ADA00AD2FF6 /* Main.storyboard */ = {
			isa = PBXVariantGroup;
			children = (
				843A98A61DC05ADA00AD2FF6 /* Base */,
			);
			name = Main.storyboard;
			sourceTree = "<group>";
		};
		843A98AD1DC05ADA00AD2FF6 /* LaunchScreen.storyboard */ = {
			isa = PBXVariantGroup;
			children = (
				843A98AE1DC05ADA00AD2FF6 /* Base */,
			);
			name = LaunchScreen.storyboard;
			sourceTree = "<group>";
		};
/* End PBXVariantGroup section */

/* Begin XCBuildConfiguration section */
		843A98B11DC05ADA00AD2FF6 /* Debug */ = {
			isa = XCBuildConfiguration;
			buildSettings = {
				ALWAYS_SEARCH_USER_PATHS = NO;
				CLANG_ANALYZER_NONNULL = YES;
				CLANG_CXX_LANGUAGE_STANDARD = "gnu++0x";
				CLANG_CXX_LIBRARY = "libc++";
				CLANG_ENABLE_MODULES = YES;
				CLANG_ENABLE_OBJC_ARC = YES;
				CLANG_WARN_BOOL_CONVERSION = YES;
				CLANG_WARN_CONSTANT_CONVERSION = YES;
				CLANG_WARN_DIRECT_OBJC_ISA_USAGE = YES_ERROR;
				CLANG_WARN_DOCUMENTATION_COMMENTS = YES;
				CLANG_WARN_EMPTY_BODY = YES;
				CLANG_WARN_ENUM_CONVERSION = YES;
				CLANG_WARN_INFINITE_RECURSION = YES;
				CLANG_WARN_INT_CONVERSION = YES;
				CLANG_WARN_OBJC_ROOT_CLASS = YES_ERROR;
				CLANG_WARN_SUSPICIOUS_MOVES = YES;
				CLANG_WARN_UNREACHABLE_CODE = YES;
				CLANG_WARN__DUPLICATE_METHOD_MATCH = YES;
				"CODE_SIGN_IDENTITY[sdk=iphoneos*]" = "iPhone Developer";
				COPY_PHASE_STRIP = NO;
				DEBUG_INFORMATION_FORMAT = dwarf;
				ENABLE_STRICT_OBJC_MSGSEND = YES;
				ENABLE_TESTABILITY = YES;
				GCC_C_LANGUAGE_STANDARD = gnu99;
				GCC_DYNAMIC_NO_PIC = NO;
				GCC_NO_COMMON_BLOCKS = YES;
				GCC_OPTIMIZATION_LEVEL = 0;
				GCC_PREPROCESSOR_DEFINITIONS = (
					"DEBUG=1",
					"$(inherited)",
				);
				GCC_WARN_64_TO_32_BIT_CONVERSION = YES;
				GCC_WARN_ABOUT_RETURN_TYPE = YES_ERROR;
				GCC_WARN_UNDECLARED_SELECTOR = YES;
				GCC_WARN_UNINITIALIZED_AUTOS = YES_AGGRESSIVE;
				GCC_WARN_UNUSED_FUNCTION = YES;
				GCC_WARN_UNUSED_VARIABLE = YES;
				IPHONEOS_DEPLOYMENT_TARGET = 10.0;
				MTL_ENABLE_DEBUG_INFO = YES;
				ONLY_ACTIVE_ARCH = YES;
				SDKROOT = iphoneos;
				SWIFT_ACTIVE_COMPILATION_CONDITIONS = DEBUG;
				SWIFT_OPTIMIZATION_LEVEL = "-Onone";
				TARGETED_DEVICE_FAMILY = "1,2";
			};
			name = Debug;
		};
		843A98B21DC05ADA00AD2FF6 /* Release */ = {
			isa = XCBuildConfiguration;
			buildSettings = {
				ALWAYS_SEARCH_USER_PATHS = NO;
				CLANG_ANALYZER_NONNULL = YES;
				CLANG_CXX_LANGUAGE_STANDARD = "gnu++0x";
				CLANG_CXX_LIBRARY = "libc++";
				CLANG_ENABLE_MODULES = YES;
				CLANG_ENABLE_OBJC_ARC = YES;
				CLANG_WARN_BOOL_CONVERSION = YES;
				CLANG_WARN_CONSTANT_CONVERSION = YES;
				CLANG_WARN_DIRECT_OBJC_ISA_USAGE = YES_ERROR;
				CLANG_WARN_DOCUMENTATION_COMMENTS = YES;
				CLANG_WARN_EMPTY_BODY = YES;
				CLANG_WARN_ENUM_CONVERSION = YES;
				CLANG_WARN_INFINITE_RECURSION = YES;
				CLANG_WARN_INT_CONVERSION = YES;
				CLANG_WARN_OBJC_ROOT_CLASS = YES_ERROR;
				CLANG_WARN_SUSPICIOUS_MOVES = YES;
				CLANG_WARN_UNREACHABLE_CODE = YES;
				CLANG_WARN__DUPLICATE_METHOD_MATCH = YES;
				"CODE_SIGN_IDENTITY[sdk=iphoneos*]" = "iPhone Developer";
				COPY_PHASE_STRIP = NO;
				DEBUG_INFORMATION_FORMAT = "dwarf-with-dsym";
				ENABLE_NS_ASSERTIONS = NO;
				ENABLE_STRICT_OBJC_MSGSEND = YES;
				GCC_C_LANGUAGE_STANDARD = gnu99;
				GCC_NO_COMMON_BLOCKS = YES;
				GCC_WARN_64_TO_32_BIT_CONVERSION = YES;
				GCC_WARN_ABOUT_RETURN_TYPE = YES_ERROR;
				GCC_WARN_UNDECLARED_SELECTOR = YES;
				GCC_WARN_UNINITIALIZED_AUTOS = YES_AGGRESSIVE;
				GCC_WARN_UNUSED_FUNCTION = YES;
				GCC_WARN_UNUSED_VARIABLE = YES;
				IPHONEOS_DEPLOYMENT_TARGET = 10.0;
				MTL_ENABLE_DEBUG_INFO = NO;
				SDKROOT = iphoneos;
				SWIFT_OPTIMIZATION_LEVEL = "-Owholemodule";
				TARGETED_DEVICE_FAMILY = "1,2";
				VALIDATE_PRODUCT = YES;
			};
			name = Release;
		};
		843A98B41DC05ADA00AD2FF6 /* Debug */ = {
			isa = XCBuildConfiguration;
			buildSettings = {
				ASSETCATALOG_COMPILER_APPICON_NAME = AppIcon;
				DEVELOPMENT_TEAM = XFWQD4U797;
				INFOPLIST_FILE = "quan ly/Info.plist";
				LD_RUNPATH_SEARCH_PATHS = "$(inherited) @executable_path/Frameworks";
				PRODUCT_BUNDLE_IDENTIFIER = "linh.quan-ly";
				PRODUCT_NAME = "$(TARGET_NAME)";
				SWIFT_VERSION = 3.0;
			};
			name = Debug;
		};
		843A98B51DC05ADA00AD2FF6 /* Release */ = {
			isa = XCBuildConfiguration;
			buildSettings = {
				ASSETCATALOG_COMPILER_APPICON_NAME = AppIcon;
				DEVELOPMENT_TEAM = XFWQD4U797;
				INFOPLIST_FILE = "quan ly/Info.plist";
				LD_RUNPATH_SEARCH_PATHS = "$(inherited) @executable_path/Frameworks";
				PRODUCT_BUNDLE_IDENTIFIER = "linh.quan-ly";
				PRODUCT_NAME = "$(TARGET_NAME)";
				SWIFT_VERSION = 3.0;
			};
			name = Release;
		};
/* End XCBuildConfiguration section */

/* Begin XCConfigurationList section */
		843A98991DC05ADA00AD2FF6 /* Build configuration list for PBXProject "quan ly" */ = {
			isa = XCConfigurationList;
			buildConfigurations = (
				843A98B11DC05ADA00AD2FF6 /* Debug */,
				843A98B21DC05ADA00AD2FF6 /* Release */,
			);
			defaultConfigurationIsVisible = 0;
			defaultConfigurationName = Release;
		};
		843A98B31DC05ADA00AD2FF6 /* Build configuration list for PBXNativeTarget "quan ly" */ = {
			isa = XCConfigurationList;
			buildConfigurations = (
				843A98B41DC05ADA00AD2FF6 /* Debug */,
				843A98B51DC05ADA00AD2FF6 /* Release */,
			);
			defaultConfigurationIsVisible = 0;
			defaultConfigurationName = Release;
		};
/* End XCConfigurationList section */

/* Begin XCVersionGroup section */
		843A98A81DC05ADA00AD2FF6 /* quan_ly.xcdatamodeld */ = {
			isa = XCVersionGroup;
			children = (
				843A98A91DC05ADA00AD2FF6 /* quan_ly.xcdatamodel */,
			);
			currentVersion = 843A98A91DC05ADA00AD2FF6 /* quan_ly.xcdatamodel */;
			path = quan_ly.xcdatamodeld;
			sourceTree = "<group>";
			versionGroupType = wrapper.xcdatamodel;
		};
/* End XCVersionGroup section */
	};
	rootObject = 843A98961DC05ADA00AD2FF6 /* Project object */;
}
